
Microsoft Visual Studio Solution File, Format Version 12.00
# Visual Studio 2013
VisualStudioVersion = 12.0.31101.0
MinimumVisualStudioVersion = 10.0.40219.1
Project("{8BC9CEB8-8B4A-11D0-8D11-00A0C91BC942}") = "VacuumCleanerProject", "VacuumCleanerProject\VacuumCleanerProject.vcxproj", "{3B0F328D-F21E-4E1A-A6F7-D9EA24B0CFF2}"
EndProject
Global
	GlobalSection(SolutionConfigurationPlatforms) = preSolution
		Debug|Win32 = Debug|Win32
		Release|Win32 = Release|Win32
	EndGlobalSection
	GlobalSection(ProjectConfigurationPlatforms) = postSolution
		{3B0F328D-F21E-4E1A-A6F7-D9EA24B0CFF2}.Debug|Win32.ActiveCfg = Debug|Win32
		{3B0F328D-F21E-4E1A-A6F7-D9EA24B0CFF2}.Debug|Win32.Build.0 = Debug|Win32
		{3B0F328D-F21E-4E1A-A6F7-D9EA24B0CFF2}.Release|Win32.ActiveCfg = Release|Win32
		{3B0F328D-F21E-4E1A-A6F7-D9EA24B0CFF2}.Release|Win32.Build.0 = Release|Win32
	EndGlobalSection
	GlobalSection(SolutionProperties) = preSolution
		HideSolutionNode = FALSE
	EndGlobalSection
EndGlobal
